
Microsoft Visual Studio Solution File, Format Version 12.00
# Visual Studio Version 17
VisualStudioVersion = 17.9.34607.119
MinimumVisualStudioVersion = 10.0.40219.1
Project("{FAE04EC0-301F-11D3-BF4B-00C04F79EFBC}") = "Microservices", "Microservices\Microservices.csproj", "{B8330A6A-2BFA-4652-A7F1-654DCF8F5AFC}"
EndProject
Global
	GlobalSection(SolutionConfigurationPlatforms) = preSolution
		Debug|Any CPU = Debug|Any CPU
		Release|Any CPU = Release|Any CPU
	EndGlobalSection
	GlobalSection(ProjectConfigurationPlatforms) = postSolution
		{B8330A6A-2BFA-4652-A7F1-654DCF8F5AFC}.Debug|Any CPU.ActiveCfg = Debug|Any CPU
		{B8330A6A-2BFA-4652-A7F1-654DCF8F5AFC}.Debug|Any CPU.Build.0 = Debug|Any CPU
		{B8330A6A-2BFA-4652-A7F1-654DCF8F5AFC}.Release|Any CPU.ActiveCfg = Release|Any CPU
		{B8330A6A-2BFA-4652-A7F1-654DCF8F5AFC}.Release|Any CPU.Build.0 = Release|Any CPU
	EndGlobalSection
	GlobalSection(SolutionProperties) = preSolution
		HideSolutionNode = FALSE
	EndGlobalSection
	GlobalSection(ExtensibilityGlobals) = postSolution
		SolutionGuid = {F6F3CFCC-0DB4-462B-952C-044CAB344393}
	EndGlobalSection
EndGlobal
